
Microsoft Visual Studio Solution File, Format Version 12.00
# Visual Studio 2013
VisualStudioVersion = 12.0.31101.0
MinimumVisualStudioVersion = 10.0.40219.1
Project("{FAE04EC0-301F-11D3-BF4B-00C04F79EFBC}") = "VsGitToolsPackage", "VsGitToolsPackage\VsGitToolsPackage.csproj", "{B867C32C-3C78-47E3-95DE-9A43B7AF1FA7}"
EndProject
Project("{2150E333-8FDC-42A3-9474-1A3956D46DE8}") = "Solution Items", "Solution Items", "{E805C6B0-DCBB-4262-8B56-B6A96A78AA33}"
	ProjectSection(SolutionItems) = preProject
		IntegrationTests.testsettings = IntegrationTests.testsettings
		UnitTests.testsettings = UnitTests.testsettings
	EndProjectSection
EndProject
Project("{FAE04EC0-301F-11D3-BF4B-00C04F79EFBC}") = "DiffClassifier", "DiffClassifier\DiffClassifier.csproj", "{BF205896-9741-4035-B0BA-4030C92036B6}"
EndProject
Project("{FAE04EC0-301F-11D3-BF4B-00C04F79EFBC}") = "VsGitToolsPackage.Tests", "VsGitToolsPackage.Tests\VsGitToolsPackage.Tests.csproj", "{0E10AFF0-4405-46C1-8FE6-802B17290576}"
EndProject
Global
	GlobalSection(SolutionConfigurationPlatforms) = preSolution
		Debug|Any CPU = Debug|Any CPU
		Release|Any CPU = Release|Any CPU
	EndGlobalSection
	GlobalSection(ProjectConfigurationPlatforms) = postSolution
		{B867C32C-3C78-47E3-95DE-9A43B7AF1FA7}.Debug|Any CPU.ActiveCfg = Debug|Any CPU
		{B867C32C-3C78-47E3-95DE-9A43B7AF1FA7}.Debug|Any CPU.Build.0 = Debug|Any CPU
		{B867C32C-3C78-47E3-95DE-9A43B7AF1FA7}.Release|Any CPU.ActiveCfg = Release|Any CPU
		{B867C32C-3C78-47E3-95DE-9A43B7AF1FA7}.Release|Any CPU.Build.0 = Release|Any CPU
		{BF205896-9741-4035-B0BA-4030C92036B6}.Debug|Any CPU.ActiveCfg = Debug|Any CPU
		{BF205896-9741-4035-B0BA-4030C92036B6}.Debug|Any CPU.Build.0 = Debug|Any CPU
		{BF205896-9741-4035-B0BA-4030C92036B6}.Release|Any CPU.ActiveCfg = Release|Any CPU
		{BF205896-9741-4035-B0BA-4030C92036B6}.Release|Any CPU.Build.0 = Release|Any CPU
		{0E10AFF0-4405-46C1-8FE6-802B17290576}.Debug|Any CPU.ActiveCfg = Debug|Any CPU
		{0E10AFF0-4405-46C1-8FE6-802B17290576}.Debug|Any CPU.Build.0 = Debug|Any CPU
		{0E10AFF0-4405-46C1-8FE6-802B17290576}.Release|Any CPU.ActiveCfg = Release|Any CPU
		{0E10AFF0-4405-46C1-8FE6-802B17290576}.Release|Any CPU.Build.0 = Release|Any CPU
	EndGlobalSection
	GlobalSection(SolutionProperties) = preSolution
		HideSolutionNode = FALSE
	EndGlobalSection
EndGlobal
