
Microsoft Visual Studio Solution File, Format Version 12.00
# Visual Studio Version 17
VisualStudioVersion = 17.1.32228.430
MinimumVisualStudioVersion = 10.0.40219.1
Project("{2150E333-8FDC-42A3-9474-1A3956D46DE8}") = "Solution Items", "Solution Items", "{E805C6B0-DCBB-4262-8B56-B6A96A78AA33}"
	ProjectSection(SolutionItems) = preProject
		IntegrationTests.testsettings = IntegrationTests.testsettings
		License.txt = License.txt
		README.md = README.md
		UnitTests.testsettings = UnitTests.testsettings
	EndProjectSection
EndProject
Project("{FAE04EC0-301F-11D3-BF4B-00C04F79EFBC}") = "GitApi", "GitApi\GitApi.csproj", "{161E81E2-25E5-4134-8D2D-595419B1265B}"
EndProject
Project("{FAE04EC0-301F-11D3-BF4B-00C04F79EFBC}") = "GitUI", "GitUI\GitUI.csproj", "{C756204F-28E1-473A-8160-E697E3303F1B}"
EndProject
Project("{FAE04EC0-301F-11D3-BF4B-00C04F79EFBC}") = "VSIXProject2019", "VSIXProject2019\VSIXProject2019.csproj", "{02A96BAA-1270-4A0A-B22F-73E031A855BA}"
EndProject
Project("{FAE04EC0-301F-11D3-BF4B-00C04F79EFBC}") = "VSIXProject2022", "VSIXProject2022\VSIXProject2022.csproj", "{DD957B8C-2578-4CA2-AD4E-E9F3496628E2}"
EndProject
Global
	GlobalSection(SolutionConfigurationPlatforms) = preSolution
		Debug|Any CPU = Debug|Any CPU
		Debug|x86 = Debug|x86
		Release|Any CPU = Release|Any CPU
		Release|x86 = Release|x86
	EndGlobalSection
	GlobalSection(ProjectConfigurationPlatforms) = postSolution
		{161E81E2-25E5-4134-8D2D-595419B1265B}.Debug|Any CPU.ActiveCfg = Debug|Any CPU
		{161E81E2-25E5-4134-8D2D-595419B1265B}.Debug|Any CPU.Build.0 = Debug|Any CPU
		{161E81E2-25E5-4134-8D2D-595419B1265B}.Debug|x86.ActiveCfg = Debug|Any CPU
		{161E81E2-25E5-4134-8D2D-595419B1265B}.Release|Any CPU.ActiveCfg = Release|Any CPU
		{161E81E2-25E5-4134-8D2D-595419B1265B}.Release|Any CPU.Build.0 = Release|Any CPU
		{161E81E2-25E5-4134-8D2D-595419B1265B}.Release|x86.ActiveCfg = Release|Any CPU
		{C756204F-28E1-473A-8160-E697E3303F1B}.Debug|Any CPU.ActiveCfg = Debug|Any CPU
		{C756204F-28E1-473A-8160-E697E3303F1B}.Debug|Any CPU.Build.0 = Debug|Any CPU
		{C756204F-28E1-473A-8160-E697E3303F1B}.Debug|x86.ActiveCfg = Debug|Any CPU
		{C756204F-28E1-473A-8160-E697E3303F1B}.Release|Any CPU.ActiveCfg = Release|Any CPU
		{C756204F-28E1-473A-8160-E697E3303F1B}.Release|Any CPU.Build.0 = Release|Any CPU
		{C756204F-28E1-473A-8160-E697E3303F1B}.Release|x86.ActiveCfg = Release|Any CPU
		{02A96BAA-1270-4A0A-B22F-73E031A855BA}.Debug|Any CPU.ActiveCfg = Debug|Any CPU
		{02A96BAA-1270-4A0A-B22F-73E031A855BA}.Debug|Any CPU.Build.0 = Debug|Any CPU
		{02A96BAA-1270-4A0A-B22F-73E031A855BA}.Debug|x86.ActiveCfg = Debug|Any CPU
		{02A96BAA-1270-4A0A-B22F-73E031A855BA}.Debug|x86.Build.0 = Debug|Any CPU
		{02A96BAA-1270-4A0A-B22F-73E031A855BA}.Release|Any CPU.ActiveCfg = Release|Any CPU
		{02A96BAA-1270-4A0A-B22F-73E031A855BA}.Release|Any CPU.Build.0 = Release|Any CPU
		{02A96BAA-1270-4A0A-B22F-73E031A855BA}.Release|x86.ActiveCfg = Release|Any CPU
		{02A96BAA-1270-4A0A-B22F-73E031A855BA}.Release|x86.Build.0 = Release|Any CPU
		{DD957B8C-2578-4CA2-AD4E-E9F3496628E2}.Debug|Any CPU.ActiveCfg = Debug|Any CPU
		{DD957B8C-2578-4CA2-AD4E-E9F3496628E2}.Debug|Any CPU.Build.0 = Debug|Any CPU
		{DD957B8C-2578-4CA2-AD4E-E9F3496628E2}.Debug|x86.ActiveCfg = Debug|x86
		{DD957B8C-2578-4CA2-AD4E-E9F3496628E2}.Debug|x86.Build.0 = Debug|x86
		{DD957B8C-2578-4CA2-AD4E-E9F3496628E2}.Release|Any CPU.ActiveCfg = Release|Any CPU
		{DD957B8C-2578-4CA2-AD4E-E9F3496628E2}.Release|Any CPU.Build.0 = Release|Any CPU
		{DD957B8C-2578-4CA2-AD4E-E9F3496628E2}.Release|x86.ActiveCfg = Release|x86
		{DD957B8C-2578-4CA2-AD4E-E9F3496628E2}.Release|x86.Build.0 = Release|x86
	EndGlobalSection
	GlobalSection(SolutionProperties) = preSolution
		HideSolutionNode = FALSE
	EndGlobalSection
	GlobalSection(ExtensibilityGlobals) = postSolution
		SolutionGuid = {CD6646B3-FD9E-4849-8EE7-740E74EE0991}
	EndGlobalSection
EndGlobal
